
Microsoft Visual Studio Solution File, Format Version 12.00
# Visual Studio 15
VisualStudioVersion = 15.0.27703.2035
MinimumVisualStudioVersion = 10.0.40219.1
Project("{FAE04EC0-301F-11D3-BF4B-00C04F79EFBC}") = "VxSdk.Net-ExampleClient", "VxSdkNet-ExampleClient.csproj", "{CBB5BA83-F9C9-405A-9BC6-71EBB2FE739B}"
EndProject
Global
	GlobalSection(SolutionConfigurationPlatforms) = preSolution
		Debug|x64 = Debug|x64
		Debug|x86 = Debug|x86
		Release|x64 = Release|x64
		Release|x86 = Release|x86
	EndGlobalSection
	GlobalSection(ProjectConfigurationPlatforms) = postSolution
		{CBB5BA83-F9C9-405A-9BC6-71EBB2FE739B}.Debug|x64.ActiveCfg = Debug|x64
		{CBB5BA83-F9C9-405A-9BC6-71EBB2FE739B}.Debug|x64.Build.0 = Debug|x64
		{CBB5BA83-F9C9-405A-9BC6-71EBB2FE739B}.Debug|x86.ActiveCfg = Debug|x86
		{CBB5BA83-F9C9-405A-9BC6-71EBB2FE739B}.Debug|x86.Build.0 = Debug|x86
		{CBB5BA83-F9C9-405A-9BC6-71EBB2FE739B}.Release|x64.ActiveCfg = Release|x64
		{CBB5BA83-F9C9-405A-9BC6-71EBB2FE739B}.Release|x64.Build.0 = Release|x64
		{CBB5BA83-F9C9-405A-9BC6-71EBB2FE739B}.Release|x86.ActiveCfg = Release|x86
		{CBB5BA83-F9C9-405A-9BC6-71EBB2FE739B}.Release|x86.Build.0 = Release|x86
	EndGlobalSection
	GlobalSection(SolutionProperties) = preSolution
		HideSolutionNode = FALSE
	EndGlobalSection
	GlobalSection(ExtensibilityGlobals) = postSolution
		SolutionGuid = {D74D2044-D5BC-4A95-92C7-645DDD8794E8}
	EndGlobalSection
EndGlobal
